
Microsoft Visual Studio Solution File, Format Version 12.00
# Visual Studio Version 16
VisualStudioVersion = 16.0.29411.108
MinimumVisualStudioVersion = 10.0.40219.1
Project("{00D1A9C2-B5F0-4AF3-8072-F6C62B433612}") = "RMData", "RMData\RMData.sqlproj", "{F64D45A8-6CDC-4D7E-98C0-F546D1F1E73A}"
EndProject
Project("{9A19103F-16F7-4668-BE54-9A1E7A4F7556}") = "RMDesktopUI", "RMDesktopUI\RMDesktopUI.csproj", "{8C330308-2253-448C-B426-A94F859D909B}"
EndProject
Project("{9A19103F-16F7-4668-BE54-9A1E7A4F7556}") = "RMDataManager.Library", "RMDataManager.Library\RMDataManager.Library.csproj", "{EFF6FF2E-2377-465C-8F19-62FD04033943}"
EndProject
Project("{9A19103F-16F7-4668-BE54-9A1E7A4F7556}") = "RMDesktopUI.Library", "RMDesktopUI.Library\RMDesktopUI.Library.csproj", "{895837FD-CD69-478E-8669-F4419B9EC27B}"
EndProject
Project("{2150E333-8FDC-42A3-9474-1A3956D46DE8}") = "Database", "Database", "{07894B85-80FE-45A4-AF6D-13C816BC3743}"
EndProject
Project("{2150E333-8FDC-42A3-9474-1A3956D46DE8}") = "API", "API", "{4D75D84A-C109-4F4A-B2C8-4722496BCDB3}"
EndProject
Project("{2150E333-8FDC-42A3-9474-1A3956D46DE8}") = "WPF", "WPF", "{E40580C8-7AA4-4BA5-AEAF-376FE4394663}"
EndProject
Project("{9A19103F-16F7-4668-BE54-9A1E7A4F7556}") = "RMApi", "RMApi\RMApi.csproj", "{69F5069E-7FF4-4913-A4E0-8A4A359D97D8}"
EndProject
Global
	GlobalSection(SolutionConfigurationPlatforms) = preSolution
		Debug|Any CPU = Debug|Any CPU
		Release|Any CPU = Release|Any CPU
	EndGlobalSection
	GlobalSection(ProjectConfigurationPlatforms) = postSolution
		{F64D45A8-6CDC-4D7E-98C0-F546D1F1E73A}.Debug|Any CPU.ActiveCfg = Debug|Any CPU
		{F64D45A8-6CDC-4D7E-98C0-F546D1F1E73A}.Debug|Any CPU.Build.0 = Debug|Any CPU
		{F64D45A8-6CDC-4D7E-98C0-F546D1F1E73A}.Debug|Any CPU.Deploy.0 = Debug|Any CPU
		{F64D45A8-6CDC-4D7E-98C0-F546D1F1E73A}.Release|Any CPU.ActiveCfg = Release|Any CPU
		{F64D45A8-6CDC-4D7E-98C0-F546D1F1E73A}.Release|Any CPU.Build.0 = Release|Any CPU
		{F64D45A8-6CDC-4D7E-98C0-F546D1F1E73A}.Release|Any CPU.Deploy.0 = Release|Any CPU
		{8C330308-2253-448C-B426-A94F859D909B}.Debug|Any CPU.ActiveCfg = Debug|Any CPU
		{8C330308-2253-448C-B426-A94F859D909B}.Debug|Any CPU.Build.0 = Debug|Any CPU
		{8C330308-2253-448C-B426-A94F859D909B}.Release|Any CPU.ActiveCfg = Release|Any CPU
		{8C330308-2253-448C-B426-A94F859D909B}.Release|Any CPU.Build.0 = Release|Any CPU
		{EFF6FF2E-2377-465C-8F19-62FD04033943}.Debug|Any CPU.ActiveCfg = Debug|Any CPU
		{EFF6FF2E-2377-465C-8F19-62FD04033943}.Debug|Any CPU.Build.0 = Debug|Any CPU
		{EFF6FF2E-2377-465C-8F19-62FD04033943}.Release|Any CPU.ActiveCfg = Release|Any CPU
		{EFF6FF2E-2377-465C-8F19-62FD04033943}.Release|Any CPU.Build.0 = Release|Any CPU
		{895837FD-CD69-478E-8669-F4419B9EC27B}.Debug|Any CPU.ActiveCfg = Debug|Any CPU
		{895837FD-CD69-478E-8669-F4419B9EC27B}.Debug|Any CPU.Build.0 = Debug|Any CPU
		{895837FD-CD69-478E-8669-F4419B9EC27B}.Release|Any CPU.ActiveCfg = Release|Any CPU
		{895837FD-CD69-478E-8669-F4419B9EC27B}.Release|Any CPU.Build.0 = Release|Any CPU
		{69F5069E-7FF4-4913-A4E0-8A4A359D97D8}.Debug|Any CPU.ActiveCfg = Debug|Any CPU
		{69F5069E-7FF4-4913-A4E0-8A4A359D97D8}.Debug|Any CPU.Build.0 = Debug|Any CPU
		{69F5069E-7FF4-4913-A4E0-8A4A359D97D8}.Release|Any CPU.ActiveCfg = Release|Any CPU
		{69F5069E-7FF4-4913-A4E0-8A4A359D97D8}.Release|Any CPU.Build.0 = Release|Any CPU
	EndGlobalSection
	GlobalSection(SolutionProperties) = preSolution
		HideSolutionNode = FALSE
	EndGlobalSection
	GlobalSection(NestedProjects) = preSolution
		{F64D45A8-6CDC-4D7E-98C0-F546D1F1E73A} = {07894B85-80FE-45A4-AF6D-13C816BC3743}
		{8C330308-2253-448C-B426-A94F859D909B} = {E40580C8-7AA4-4BA5-AEAF-376FE4394663}
		{EFF6FF2E-2377-465C-8F19-62FD04033943} = {4D75D84A-C109-4F4A-B2C8-4722496BCDB3}
		{895837FD-CD69-478E-8669-F4419B9EC27B} = {E40580C8-7AA4-4BA5-AEAF-376FE4394663}
		{69F5069E-7FF4-4913-A4E0-8A4A359D97D8} = {4D75D84A-C109-4F4A-B2C8-4722496BCDB3}
	EndGlobalSection
	GlobalSection(ExtensibilityGlobals) = postSolution
		SolutionGuid = {3DF9E069-22E3-4E02-B70E-8F83BCE3AF01}
	EndGlobalSection
EndGlobal
